
Microsoft Visual Studio Solution File, Format Version 12.00
# Visual Studio Version 17
VisualStudioVersion = 17.8.34330.188
MinimumVisualStudioVersion = 10.0.40219.1
Project("{2150E333-8FDC-42A3-9474-1A3956D46DE8}") = "SolutionItems", "SolutionItems", "{3E564AE4-5A22-4622-A04C-757F29E4AF8C}"
	ProjectSection(SolutionItems) = preProject
		.editorconfig = .editorconfig
	EndProjectSection
EndProject
Project("{FAE04EC0-301F-11D3-BF4B-00C04F79EFBC}") = "Corge.Example", "Corge.Example\Corge.Example.csproj", "{939DB568-6F43-40F7-AD63-CEC7BC54616A}"
EndProject
Project("{FAE04EC0-301F-11D3-BF4B-00C04F79EFBC}") = "Corge", "Corge\Corge.csproj", "{8155FE6B-273C-49FE-A759-E6524ECF8853}"
EndProject
Global
	GlobalSection(SolutionConfigurationPlatforms) = preSolution
		Debug|Any CPU = Debug|Any CPU
		Release|Any CPU = Release|Any CPU
	EndGlobalSection
	GlobalSection(ProjectConfigurationPlatforms) = postSolution
		{939DB568-6F43-40F7-AD63-CEC7BC54616A}.Debug|Any CPU.ActiveCfg = Debug|Any CPU
		{939DB568-6F43-40F7-AD63-CEC7BC54616A}.Debug|Any CPU.Build.0 = Debug|Any CPU
		{939DB568-6F43-40F7-AD63-CEC7BC54616A}.Release|Any CPU.ActiveCfg = Release|Any CPU
		{939DB568-6F43-40F7-AD63-CEC7BC54616A}.Release|Any CPU.Build.0 = Release|Any CPU
		{8155FE6B-273C-49FE-A759-E6524ECF8853}.Debug|Any CPU.ActiveCfg = Debug|Any CPU
		{8155FE6B-273C-49FE-A759-E6524ECF8853}.Debug|Any CPU.Build.0 = Debug|Any CPU
		{8155FE6B-273C-49FE-A759-E6524ECF8853}.Release|Any CPU.ActiveCfg = Release|Any CPU
		{8155FE6B-273C-49FE-A759-E6524ECF8853}.Release|Any CPU.Build.0 = Release|Any CPU
	EndGlobalSection
	GlobalSection(SolutionProperties) = preSolution
		HideSolutionNode = FALSE
	EndGlobalSection
	GlobalSection(ExtensibilityGlobals) = postSolution
		SolutionGuid = {F96CF5FB-D8B1-46DF-BE89-FCB4BC2D6F66}
	EndGlobalSection
EndGlobal
